
Microsoft Visual Studio Solution File, Format Version 12.00
# Visual Studio Version 17
VisualStudioVersion = 17.9.34616.47
MinimumVisualStudioVersion = 10.0.40219.1
Project("{FAE04EC0-301F-11D3-BF4B-00C04F79EFBC}") = "SudokuSolver", "SudokuSolver.csproj", "{8A2F015C-E0B7-4AD3-BFDD-F6DFF8D1D548}"
EndProject
Global
	GlobalSection(SolutionConfigurationPlatforms) = preSolution
		Debug|Any CPU = Debug|Any CPU
		Release|Any CPU = Release|Any CPU
	EndGlobalSection
	GlobalSection(ProjectConfigurationPlatforms) = postSolution
		{8A2F015C-E0B7-4AD3-BFDD-F6DFF8D1D548}.Debug|Any CPU.ActiveCfg = Debug|Any CPU
		{8A2F015C-E0B7-4AD3-BFDD-F6DFF8D1D548}.Debug|Any CPU.Build.0 = Debug|Any CPU
		{8A2F015C-E0B7-4AD3-BFDD-F6DFF8D1D548}.Release|Any CPU.ActiveCfg = Release|Any CPU
		{8A2F015C-E0B7-4AD3-BFDD-F6DFF8D1D548}.Release|Any CPU.Build.0 = Release|Any CPU
	EndGlobalSection
	GlobalSection(SolutionProperties) = preSolution
		HideSolutionNode = FALSE
	EndGlobalSection
	GlobalSection(ExtensibilityGlobals) = postSolution
		SolutionGuid = {608DFE18-D5C6-4047-83E2-EBDBF47D0C3F}
	EndGlobalSection
EndGlobal
